
Microsoft Visual Studio Solution File, Format Version 12.00
# Visual Studio Version 17
VisualStudioVersion = 17.2.32516.85
MinimumVisualStudioVersion = 10.0.40219.1
Project("{FAE04EC0-301F-11D3-BF4B-00C04F79EFBC}") = "Car", "Car\Car.csproj", "{106D0E63-1F2F-4805-B8F4-53D058990A9D}"
EndProject
Global
	GlobalSection(SolutionConfigurationPlatforms) = preSolution
		Debug|Any CPU = Debug|Any CPU
		Release|Any CPU = Release|Any CPU
	EndGlobalSection
	GlobalSection(ProjectConfigurationPlatforms) = postSolution
		{106D0E63-1F2F-4805-B8F4-53D058990A9D}.Debug|Any CPU.ActiveCfg = Debug|Any CPU
		{106D0E63-1F2F-4805-B8F4-53D058990A9D}.Debug|Any CPU.Build.0 = Debug|Any CPU
		{106D0E63-1F2F-4805-B8F4-53D058990A9D}.Release|Any CPU.ActiveCfg = Release|Any CPU
		{106D0E63-1F2F-4805-B8F4-53D058990A9D}.Release|Any CPU.Build.0 = Release|Any CPU
	EndGlobalSection
	GlobalSection(SolutionProperties) = preSolution
		HideSolutionNode = FALSE
	EndGlobalSection
	GlobalSection(ExtensibilityGlobals) = postSolution
		SolutionGuid = {E8D8829F-4B3B-4CEC-8014-0ED9D59CBF18}
	EndGlobalSection
EndGlobal
